
Microsoft Visual Studio Solution File, Format Version 12.00
# Visual Studio 15
VisualStudioVersion = 15.0.28307.705
MinimumVisualStudioVersion = 10.0.40219.1
Project("{FAE04EC0-301F-11D3-BF4B-00C04F79EFBC}") = "NorthWindDataLibrary", "NorthWindDataLibrary\NorthWindDataLibrary.csproj", "{26A3458B-D88B-4286-87BF-1B29CC34F056}"
EndProject
Project("{FAE04EC0-301F-11D3-BF4B-00C04F79EFBC}") = "ReadEditCustomerWithSpecialClass", "ReadEditCustomerWithSpecialClass\ReadEditCustomerWithSpecialClass.csproj", "{94D10EC7-7984-4204-A392-3E5413982B57}"
EndProject
Project("{2150E333-8FDC-42A3-9474-1A3956D46DE8}") = "Solution Items", "Solution Items", "{FC620B4B-DB8D-4660-A96F-E9220D25154A}"
	ProjectSection(SolutionItems) = preProject
		readme.md = readme.md
	EndProjectSection
EndProject
Global
	GlobalSection(SolutionConfigurationPlatforms) = preSolution
		Debug|Any CPU = Debug|Any CPU
		Release|Any CPU = Release|Any CPU
	EndGlobalSection
	GlobalSection(ProjectConfigurationPlatforms) = postSolution
		{26A3458B-D88B-4286-87BF-1B29CC34F056}.Debug|Any CPU.ActiveCfg = Debug|Any CPU
		{26A3458B-D88B-4286-87BF-1B29CC34F056}.Debug|Any CPU.Build.0 = Debug|Any CPU
		{26A3458B-D88B-4286-87BF-1B29CC34F056}.Release|Any CPU.ActiveCfg = Release|Any CPU
		{26A3458B-D88B-4286-87BF-1B29CC34F056}.Release|Any CPU.Build.0 = Release|Any CPU
		{94D10EC7-7984-4204-A392-3E5413982B57}.Debug|Any CPU.ActiveCfg = Debug|Any CPU
		{94D10EC7-7984-4204-A392-3E5413982B57}.Debug|Any CPU.Build.0 = Debug|Any CPU
		{94D10EC7-7984-4204-A392-3E5413982B57}.Release|Any CPU.ActiveCfg = Release|Any CPU
		{94D10EC7-7984-4204-A392-3E5413982B57}.Release|Any CPU.Build.0 = Release|Any CPU
	EndGlobalSection
	GlobalSection(SolutionProperties) = preSolution
		HideSolutionNode = FALSE
	EndGlobalSection
	GlobalSection(ExtensibilityGlobals) = postSolution
		SolutionGuid = {8B62FB30-6B77-4A21-B570-EF56DB3D4807}
	EndGlobalSection
EndGlobal
